
Microsoft Visual Studio Solution File, Format Version 12.00
# Visual Studio Version 17
VisualStudioVersion = 17.0.32126.317
MinimumVisualStudioVersion = 10.0.40219.1
Project("{FAE04EC0-301F-11D3-BF4B-00C04F79EFBC}") = "MatchingGame", "MatchingGame\MatchingGame.csproj", "{AF1F8BB2-3EF6-407C-A899-56B34BF01EDC}"
EndProject
Global
	GlobalSection(SolutionConfigurationPlatforms) = preSolution
		Debug|Any CPU = Debug|Any CPU
		Release|Any CPU = Release|Any CPU
	EndGlobalSection
	GlobalSection(ProjectConfigurationPlatforms) = postSolution
		{AF1F8BB2-3EF6-407C-A899-56B34BF01EDC}.Debug|Any CPU.ActiveCfg = Debug|Any CPU
		{AF1F8BB2-3EF6-407C-A899-56B34BF01EDC}.Debug|Any CPU.Build.0 = Debug|Any CPU
		{AF1F8BB2-3EF6-407C-A899-56B34BF01EDC}.Release|Any CPU.ActiveCfg = Release|Any CPU
		{AF1F8BB2-3EF6-407C-A899-56B34BF01EDC}.Release|Any CPU.Build.0 = Release|Any CPU
	EndGlobalSection
	GlobalSection(SolutionProperties) = preSolution
		HideSolutionNode = FALSE
	EndGlobalSection
	GlobalSection(ExtensibilityGlobals) = postSolution
		SolutionGuid = {3284DCD5-933D-433F-A8D9-B082DFF2F3DA}
	EndGlobalSection
EndGlobal
